
Microsoft Visual Studio Solution File, Format Version 12.00
# Visual Studio Version 16
VisualStudioVersion = 16.0.28803.452
MinimumVisualStudioVersion = 10.0.40219.1
Project("{9A19103F-16F7-4668-BE54-9A1E7A4F7556}") = "Forum", "Forum.csproj", "{09CCCA02-C6E3-48B8-AF92-CEE744B8D59E}"
EndProject
Global
	GlobalSection(SolutionConfigurationPlatforms) = preSolution
		Debug|Any CPU = Debug|Any CPU
		Release|Any CPU = Release|Any CPU
	EndGlobalSection
	GlobalSection(ProjectConfigurationPlatforms) = postSolution
		{09CCCA02-C6E3-48B8-AF92-CEE744B8D59E}.Debug|Any CPU.ActiveCfg = Debug|Any CPU
		{09CCCA02-C6E3-48B8-AF92-CEE744B8D59E}.Debug|Any CPU.Build.0 = Debug|Any CPU
		{09CCCA02-C6E3-48B8-AF92-CEE744B8D59E}.Release|Any CPU.ActiveCfg = Release|Any CPU
		{09CCCA02-C6E3-48B8-AF92-CEE744B8D59E}.Release|Any CPU.Build.0 = Release|Any CPU
	EndGlobalSection
	GlobalSection(SolutionProperties) = preSolution
		HideSolutionNode = FALSE
	EndGlobalSection
	GlobalSection(ExtensibilityGlobals) = postSolution
		SolutionGuid = {A19DAE33-1B05-4551-B938-7F5D9515B6DE}
	EndGlobalSection
EndGlobal
